// !$*UTF8*$!
{
	archiveVersion = 1;
	classes = {
	};
	objectVersion = 56;
	objects = {

/* Begin PBXBuildFile section */
		E907D0E52B9A6C1800E28F29 /* AppDelegate.swift in Sources */ = {isa = PBXBuildFile; fileRef = E907D0E42B9A6C1800E28F29 /* AppDelegate.swift */; };
		E907D0E72B9A6C1800E28F29 /* SceneDelegate.swift in Sources */ = {isa = PBXBuildFile; fileRef = E907D0E62B9A6C1800E28F29 /* SceneDelegate.swift */; };
		E907D0E92B9A6C1800E28F29 /* ViewController.swift in Sources */ = {isa = PBXBuildFile; fileRef = E907D0E82B9A6C1800E28F29 /* ViewController.swift */; };
		E907D0EC2B9A6C1800E28F29 /* Main.storyboard in Resources */ = {isa = PBXBuildFile; fileRef = E907D0EA2B9A6C1800E28F29 /* Main.storyboard */; };
		E907D0EE2B9A6C1A00E28F29 /* Assets.xcassets in Resources */ = {isa = PBXBuildFile; fileRef = E907D0ED2B9A6C1A00E28F29 /* Assets.xcassets */; };
		E907D0F12B9A6C1A00E28F29 /* LaunchScreen.storyboard in Resources */ = {isa = PBXBuildFile; fileRef = E907D0EF2B9A6C1A00E28F29 /* LaunchScreen.storyboard */; };
		E907D0FC2B9A6C1A00E28F29 /* ReminderTests.swift in Sources */ = {isa = PBXBuildFile; fileRef = E907D0FB2B9A6C1A00E28F29 /* ReminderTests.swift */; };
		E907D1062B9A6C1A00E28F29 /* ReminderUITests.swift in Sources */ = {isa = PBXBuildFile; fileRef = E907D1052B9A6C1A00E28F29 /* ReminderUITests.swift */; };
		E907D1082B9A6C1A00E28F29 /* ReminderUITestsLaunchTests.swift in Sources */ = {isa = PBXBuildFile; fileRef = E907D1072B9A6C1A00E28F29 /* ReminderUITestsLaunchTests.swift */; };
		E907D1152B9A6C7700E28F29 /* dataModule.swift in Sources */ = {isa = PBXBuildFile; fileRef = E907D1142B9A6C7700E28F29 /* dataModule.swift */; };
		E907D1172B9A6DED00E28F29 /* TableViewController.swift in Sources */ = {isa = PBXBuildFile; fileRef = E907D1162B9A6DED00E28F29 /* TableViewController.swift */; };
		E907D1192B9A6DFB00E28F29 /* TableViewCell.swift in Sources */ = {isa = PBXBuildFile; fileRef = E907D1182B9A6DFB00E28F29 /* TableViewCell.swift */; };
		E907D11B2B9A72B700E28F29 /* editAddList.swift in Sources */ = {isa = PBXBuildFile; fileRef = E907D11A2B9A72B700E28F29 /* editAddList.swift */; };
/* End PBXBuildFile section */

/* Begin PBXContainerItemProxy section */
		E907D0F82B9A6C1A00E28F29 /* PBXContainerItemProxy */ = {
			isa = PBXContainerItemProxy;
			containerPortal = E907D0D92B9A6C1800E28F29 /* Project object */;
			proxyType = 1;
			remoteGlobalIDString = E907D0E02B9A6C1800E28F29;
			remoteInfo = Reminder;
		};
		E907D1022B9A6C1A00E28F29 /* PBXContainerItemProxy */ = {
			isa = PBXContainerItemProxy;
			containerPortal = E907D0D92B9A6C1800E28F29 /* Project object */;
			proxyType = 1;
			remoteGlobalIDString = E907D0E02B9A6C1800E28F29;
			remoteInfo = Reminder;
		};
/* End PBXContainerItemProxy section */

/* Begin PBXFileReference section */
		E907D0E12B9A6C1800E28F29 /* Reminder.app */ = {isa = PBXFileReference; explicitFileType = wrapper.application; includeInIndex = 0; path = Reminder.app; sourceTree = BUILT_PRODUCTS_DIR; };
		E907D0E42B9A6C1800E28F29 /* AppDelegate.swift */ = {isa = PBXFileReference; lastKnownFileType = sourcecode.swift; path = AppDelegate.swift; sourceTree = "<group>"; };
		E907D0E62B9A6C1800E28F29 /* SceneDelegate.swift */ = {isa = PBXFileReference; lastKnownFileType = sourcecode.swift; path = SceneDelegate.swift; sourceTree = "<group>"; };
		E907D0E82B9A6C1800E28F29 /* ViewController.swift */ = {isa = PBXFileReference; lastKnownFileType = sourcecode.swift; path = ViewController.swift; sourceTree = "<group>"; };
		E907D0EB2B9A6C1800E28F29 /* Base */ = {isa = PBXFileReference; lastKnownFileType = file.storyboard; name = Base; path = Base.lproj/Main.storyboard; sourceTree = "<group>"; };
		E907D0ED2B9A6C1A00E28F29 /* Assets.xcassets */ = {isa = PBXFileReference; lastKnownFileType = folder.assetcatalog; path = Assets.xcassets; sourceTree = "<group>"; };
		E907D0F02B9A6C1A00E28F29 /* Base */ = {isa = PBXFileReference; lastKnownFileType = file.storyboard; name = Base; path = Base.lproj/LaunchScreen.storyboard; sourceTree = "<group>"; };
		E907D0F22B9A6C1A00E28F29 /* Info.plist */ = {isa = PBXFileReference; lastKnownFileType = text.plist.xml; path = Info.plist; sourceTree = "<group>"; };
		E907D0F72B9A6C1A00E28F29 /* ReminderTests.xctest */ = {isa = PBXFileReference; explicitFileType = wrapper.cfbundle; includeInIndex = 0; path = ReminderTests.xctest; sourceTree = BUILT_PRODUCTS_DIR; };
		E907D0FB2B9A6C1A00E28F29 /* ReminderTests.swift */ = {isa = PBXFileReference; lastKnownFileType = sourcecode.swift; path = ReminderTests.swift; sourceTree = "<group>"; };
		E907D1012B9A6C1A00E28F29 /* ReminderUITests.xctest */ = {isa = PBXFileReference; explicitFileType = wrapper.cfbundle; includeInIndex = 0; path = ReminderUITests.xctest; sourceTree = BUILT_PRODUCTS_DIR; };
		E907D1052B9A6C1A00E28F29 /* ReminderUITests.swift */ = {isa = PBXFileReference; lastKnownFileType = sourcecode.swift; path = ReminderUITests.swift; sourceTree = "<group>"; };
		E907D1072B9A6C1A00E28F29 /* ReminderUITestsLaunchTests.swift */ = {isa = PBXFileReference; lastKnownFileType = sourcecode.swift; path = ReminderUITestsLaunchTests.swift; sourceTree = "<group>"; };
		E907D1142B9A6C7700E28F29 /* dataModule.swift */ = {isa = PBXFileReference; lastKnownFileType = sourcecode.swift; path = dataModule.swift; sourceTree = "<group>"; };
		E907D1162B9A6DED00E28F29 /* TableViewController.swift */ = {isa = PBXFileReference; lastKnownFileType = sourcecode.swift; path = TableViewController.swift; sourceTree = "<group>"; };
		E907D1182B9A6DFB00E28F29 /* TableViewCell.swift */ = {isa = PBXFileReference; lastKnownFileType = sourcecode.swift; path = TableViewCell.swift; sourceTree = "<group>"; };
		E907D11A2B9A72B700E28F29 /* editAddList.swift */ = {isa = PBXFileReference; lastKnownFileType = sourcecode.swift; path = editAddList.swift; sourceTree = "<group>"; };
/* End PBXFileReference section */

/* Begin PBXFrameworksBuildPhase section */
		E907D0DE2B9A6C1800E28F29 /* Frameworks */ = {
			isa = PBXFrameworksBuildPhase;
			buildActionMask = 2147483647;
			files = (
			);
			runOnlyForDeploymentPostprocessing = 0;
		};
		E907D0F42B9A6C1A00E28F29 /* Frameworks */ = {
			isa = PBXFrameworksBuildPhase;
			buildActionMask = 2147483647;
			files = (
			);
			runOnlyForDeploymentPostprocessing = 0;
		};
		E907D0FE2B9A6C1A00E28F29 /* Frameworks */ = {
			isa = PBXFrameworksBuildPhase;
			buildActionMask = 2147483647;
			files = (
			);
			runOnlyForDeploymentPostprocessing = 0;
		};
/* End PBXFrameworksBuildPhase section */

/* Begin PBXGroup section */
		E907D0D82B9A6C1800E28F29 = {
			isa = PBXGroup;
			children = (
				E907D0E32B9A6C1800E28F29 /* Reminder */,
				E907D0FA2B9A6C1A00E28F29 /* ReminderTests */,
				E907D1042B9A6C1A00E28F29 /* ReminderUITests */,
				E907D0E22B9A6C1800E28F29 /* Products */,
			);
			sourceTree = "<group>";
		};
		E907D0E22B9A6C1800E28F29 /* Products */ = {
			isa = PBXGroup;
			children = (
				E907D0E12B9A6C1800E28F29 /* Reminder.app */,
				E907D0F72B9A6C1A00E28F29 /* ReminderTests.xctest */,
				E907D1012B9A6C1A00E28F29 /* ReminderUITests.xctest */,
			);
			name = Products;
			sourceTree = "<group>";
		};
		E907D0E32B9A6C1800E28F29 /* Reminder */ = {
			isa = PBXGroup;
			children = (
				E907D0E42B9A6C1800E28F29 /* AppDelegate.swift */,
				E907D0E62B9A6C1800E28F29 /* SceneDelegate.swift */,
				E907D0E82B9A6C1800E28F29 /* ViewController.swift */,
				E907D1162B9A6DED00E28F29 /* TableViewController.swift */,
				E907D1182B9A6DFB00E28F29 /* TableViewCell.swift */,
				E907D1142B9A6C7700E28F29 /* dataModule.swift */,
				E907D0EA2B9A6C1800E28F29 /* Main.storyboard */,
				E907D11A2B9A72B700E28F29 /* editAddList.swift */,
				E907D0ED2B9A6C1A00E28F29 /* Assets.xcassets */,
				E907D0EF2B9A6C1A00E28F29 /* LaunchScreen.storyboard */,
				E907D0F22B9A6C1A00E28F29 /* Info.plist */,
			);
			path = Reminder;
			sourceTree = "<group>";
		};
		E907D0FA2B9A6C1A00E28F29 /* ReminderTests */ = {
			isa = PBXGroup;
			children = (
				E907D0FB2B9A6C1A00E28F29 /* ReminderTests.swift */,
			);
			path = ReminderTests;
			sourceTree = "<group>";
		};
		E907D1042B9A6C1A00E28F29 /* ReminderUITests */ = {
			isa = PBXGroup;
			children = (
				E907D1052B9A6C1A00E28F29 /* ReminderUITests.swift */,
				E907D1072B9A6C1A00E28F29 /* ReminderUITestsLaunchTests.swift */,
			);
			path = ReminderUITests;
			sourceTree = "<group>";
		};
/* End PBXGroup section */

/* Begin PBXNativeTarget section */
		E907D0E02B9A6C1800E28F29 /* Reminder */ = {
			isa = PBXNativeTarget;
			buildConfigurationList = E907D10B2B9A6C1A00E28F29 /* Build configuration list for PBXNativeTarget "Reminder" */;
			buildPhases = (
				E907D0DD2B9A6C1800E28F29 /* Sources */,
				E907D0DE2B9A6C1800E28F29 /* Frameworks */,
				E907D0DF2B9A6C1800E28F29 /* Resources */,
			);
			buildRules = (
			);
			dependencies = (
			);
			name = Reminder;
			productName = Reminder;
			productReference = E907D0E12B9A6C1800E28F29 /* Reminder.app */;
			productType = "com.apple.product-type.application";
		};
		E907D0F62B9A6C1A00E28F29 /* ReminderTests */ = {
			isa = PBXNativeTarget;
			buildConfigurationList = E907D10E2B9A6C1A00E28F29 /* Build configuration list for PBXNativeTarget "ReminderTests" */;
			buildPhases = (
				E907D0F32B9A6C1A00E28F29 /* Sources */,
				E907D0F42B9A6C1A00E28F29 /* Frameworks */,
				E907D0F52B9A6C1A00E28F29 /* Resources */,
			);
			buildRules = (
			);
			dependencies = (
				E907D0F92B9A6C1A00E28F29 /* PBXTargetDependency */,
			);
			name = ReminderTests;
			productName = ReminderTests;
			productReference = E907D0F72B9A6C1A00E28F29 /* ReminderTests.xctest */;
			productType = "com.apple.product-type.bundle.unit-test";
		};
		E907D1002B9A6C1A00E28F29 /* ReminderUITests */ = {
			isa = PBXNativeTarget;
			buildConfigurationList = E907D1112B9A6C1A00E28F29 /* Build configuration list for PBXNativeTarget "ReminderUITests" */;
			buildPhases = (
				E907D0FD2B9A6C1A00E28F29 /* Sources */,
				E907D0FE2B9A6C1A00E28F29 /* Frameworks */,
				E907D0FF2B9A6C1A00E28F29 /* Resources */,
			);
			buildRules = (
			);
			dependencies = (
				E907D1032B9A6C1A00E28F29 /* PBXTargetDependency */,
			);
			name = ReminderUITests;
			productName = ReminderUITests;
			productReference = E907D1012B9A6C1A00E28F29 /* ReminderUITests.xctest */;
			productType = "com.apple.product-type.bundle.ui-testing";
		};
/* End PBXNativeTarget section */

/* Begin PBXProject section */
		E907D0D92B9A6C1800E28F29 /* Project object */ = {
			isa = PBXProject;
			attributes = {
				BuildIndependentTargetsInParallel = 1;
				LastSwiftUpdateCheck = 1520;
				LastUpgradeCheck = 1520;
				TargetAttributes = {
					E907D0E02B9A6C1800E28F29 = {
						CreatedOnToolsVersion = 15.2;
					};
					E907D0F62B9A6C1A00E28F29 = {
						CreatedOnToolsVersion = 15.2;
						TestTargetID = E907D0E02B9A6C1800E28F29;
					};
					E907D1002B9A6C1A00E28F29 = {
						CreatedOnToolsVersion = 15.2;
						TestTargetID = E907D0E02B9A6C1800E28F29;
					};
				};
			};
			buildConfigurationList = E907D0DC2B9A6C1800E28F29 /* Build configuration list for PBXProject "Reminder" */;
			compatibilityVersion = "Xcode 14.0";
			developmentRegion = en;
			hasScannedForEncodings = 0;
			knownRegions = (
				en,
				Base,
			);
			mainGroup = E907D0D82B9A6C1800E28F29;
			productRefGroup = E907D0E22B9A6C1800E28F29 /* Products */;
			projectDirPath = "";
			projectRoot = "";
			targets = (
				E907D0E02B9A6C1800E28F29 /* Reminder */,
				E907D0F62B9A6C1A00E28F29 /* ReminderTests */,
				E907D1002B9A6C1A00E28F29 /* ReminderUITests */,
			);
		};
/* End PBXProject section */

/* Begin PBXResourcesBuildPhase section */
		E907D0DF2B9A6C1800E28F29 /* Resources */ = {
			isa = PBXResourcesBuildPhase;
			buildActionMask = 2147483647;
			files = (
				E907D0F12B9A6C1A00E28F29 /* LaunchScreen.storyboard in Resources */,
				E907D0EE2B9A6C1A00E28F29 /* Assets.xcassets in Resources */,
				E907D0EC2B9A6C1800E28F29 /* Main.storyboard in Resources */,
			);
			runOnlyForDeploymentPostprocessing = 0;
		};
		E907D0F52B9A6C1A00E28F29 /* Resources */ = {
			isa = PBXResourcesBuildPhase;
			buildActionMask = 2147483647;
			files = (
			);
			runOnlyForDeploymentPostprocessing = 0;
		};
		E907D0FF2B9A6C1A00E28F29 /* Resources */ = {
			isa = PBXResourcesBuildPhase;
			buildActionMask = 2147483647;
			files = (
			);
			runOnlyForDeploymentPostprocessing = 0;
		};
/* End PBXResourcesBuildPhase section */

/* Begin PBXSourcesBuildPhase section */
		E907D0DD2B9A6C1800E28F29 /* Sources */ = {
			isa = PBXSourcesBuildPhase;
			buildActionMask = 2147483647;
			files = (
				E907D0E92B9A6C1800E28F29 /* ViewController.swift in Sources */,
				E907D0E52B9A6C1800E28F29 /* AppDelegate.swift in Sources */,
				E907D0E72B9A6C1800E28F29 /* SceneDelegate.swift in Sources */,
				E907D11B2B9A72B700E28F29 /* editAddList.swift in Sources */,
				E907D1192B9A6DFB00E28F29 /* TableViewCell.swift in Sources */,
				E907D1172B9A6DED00E28F29 /* TableViewController.swift in Sources */,
				E907D1152B9A6C7700E28F29 /* dataModule.swift in Sources */,
			);
			runOnlyForDeploymentPostprocessing = 0;
		};
		E907D0F32B9A6C1A00E28F29 /* Sources */ = {
			isa = PBXSourcesBuildPhase;
			buildActionMask = 2147483647;
			files = (
				E907D0FC2B9A6C1A00E28F29 /* ReminderTests.swift in Sources */,
			);
			runOnlyForDeploymentPostprocessing = 0;
		};
		E907D0FD2B9A6C1A00E28F29 /* Sources */ = {
			isa = PBXSourcesBuildPhase;
			buildActionMask = 2147483647;
			files = (
				E907D1082B9A6C1A00E28F29 /* ReminderUITestsLaunchTests.swift in Sources */,
				E907D1062B9A6C1A00E28F29 /* ReminderUITests.swift in Sources */,
			);
			runOnlyForDeploymentPostprocessing = 0;
		};
/* End PBXSourcesBuildPhase section */

/* Begin PBXTargetDependency section */
		E907D0F92B9A6C1A00E28F29 /* PBXTargetDependency */ = {
			isa = PBXTargetDependency;
			target = E907D0E02B9A6C1800E28F29 /* Reminder */;
			targetProxy = E907D0F82B9A6C1A00E28F29 /* PBXContainerItemProxy */;
		};
		E907D1032B9A6C1A00E28F29 /* PBXTargetDependency */ = {
			isa = PBXTargetDependency;
			target = E907D0E02B9A6C1800E28F29 /* Reminder */;
			targetProxy = E907D1022B9A6C1A00E28F29 /* PBXContainerItemProxy */;
		};
/* End PBXTargetDependency section */

/* Begin PBXVariantGroup section */
		E907D0EA2B9A6C1800E28F29 /* Main.storyboard */ = {
			isa = PBXVariantGroup;
			children = (
				E907D0EB2B9A6C1800E28F29 /* Base */,
			);
			name = Main.storyboard;
			sourceTree = "<group>";
		};
		E907D0EF2B9A6C1A00E28F29 /* LaunchScreen.storyboard */ = {
			isa = PBXVariantGroup;
			children = (
				E907D0F02B9A6C1A00E28F29 /* Base */,
			);
			name = LaunchScreen.storyboard;
			sourceTree = "<group>";
		};
/* End PBXVariantGroup section */

/* Begin XCBuildConfiguration section */
		E907D1092B9A6C1A00E28F29 /* Debug */ = {
			isa = XCBuildConfiguration;
			buildSettings = {
				ALWAYS_SEARCH_USER_PATHS = NO;
				ASSETCATALOG_COMPILER_GENERATE_SWIFT_ASSET_SYMBOL_EXTENSIONS = YES;
				CLANG_ANALYZER_NONNULL = YES;
				CLANG_ANALYZER_NUMBER_OBJECT_CONVERSION = YES_AGGRESSIVE;
				CLANG_CXX_LANGUAGE_STANDARD = "gnu++20";
				CLANG_ENABLE_MODULES = YES;
				CLANG_ENABLE_OBJC_ARC = YES;
				CLANG_ENABLE_OBJC_WEAK = YES;
				CLANG_WARN_BLOCK_CAPTURE_AUTORELEASING = YES;
				CLANG_WARN_BOOL_CONVERSION = YES;
				CLANG_WARN_COMMA = YES;
				CLANG_WARN_CONSTANT_CONVERSION = YES;
				CLANG_WARN_DEPRECATED_OBJC_IMPLEMENTATIONS = YES;
				CLANG_WARN_DIRECT_OBJC_ISA_USAGE = YES_ERROR;
				CLANG_WARN_DOCUMENTATION_COMMENTS = YES;
				CLANG_WARN_EMPTY_BODY = YES;
				CLANG_WARN_ENUM_CONVERSION = YES;
				CLANG_WARN_INFINITE_RECURSION = YES;
				CLANG_WARN_INT_CONVERSION = YES;
				CLANG_WARN_NON_LITERAL_NULL_CONVERSION = YES;
				CLANG_WARN_OBJC_IMPLICIT_RETAIN_SELF = YES;
				CLANG_WARN_OBJC_LITERAL_CONVERSION = YES;
				CLANG_WARN_OBJC_ROOT_CLASS = YES_ERROR;
				CLANG_WARN_QUOTED_INCLUDE_IN_FRAMEWORK_HEADER = YES;
				CLANG_WARN_RANGE_LOOP_ANALYSIS = YES;
				CLANG_WARN_STRICT_PROTOTYPES = YES;
				CLANG_WARN_SUSPICIOUS_MOVE = YES;
				CLANG_WARN_UNGUARDED_AVAILABILITY = YES_AGGRESSIVE;
				CLANG_WARN_UNREACHABLE_CODE = YES;
				CLANG_WARN__DUPLICATE_METHOD_MATCH = YES;
				COPY_PHASE_STRIP = NO;
				DEBUG_INFORMATION_FORMAT = dwarf;
				ENABLE_STRICT_OBJC_MSGSEND = YES;
				ENABLE_TESTABILITY = YES;
				ENABLE_USER_SCRIPT_SANDBOXING = YES;
				GCC_C_LANGUAGE_STANDARD = gnu17;
				GCC_DYNAMIC_NO_PIC = NO;
				GCC_NO_COMMON_BLOCKS = YES;
				GCC_OPTIMIZATION_LEVEL = 0;
				GCC_PREPROCESSOR_DEFINITIONS = (
					"DEBUG=1",
					"$(inherited)",
				);
				GCC_WARN_64_TO_32_BIT_CONVERSION = YES;
				GCC_WARN_ABOUT_RETURN_TYPE = YES_ERROR;
				GCC_WARN_UNDECLARED_SELECTOR = YES;
				GCC_WARN_UNINITIALIZED_AUTOS = YES_AGGRESSIVE;
				GCC_WARN_UNUSED_FUNCTION = YES;
				GCC_WARN_UNUSED_VARIABLE = YES;
				IPHONEOS_DEPLOYMENT_TARGET = 17.2;
				LOCALIZATION_PREFERS_STRING_CATALOGS = YES;
				MTL_ENABLE_DEBUG_INFO = INCLUDE_SOURCE;
				MTL_FAST_MATH = YES;
				ONLY_ACTIVE_ARCH = YES;
				SDKROOT = iphoneos;
				SWIFT_ACTIVE_COMPILATION_CONDITIONS = "DEBUG $(inherited)";
				SWIFT_OPTIMIZATION_LEVEL = "-Onone";
			};
			name = Debug;
		};
		E907D10A2B9A6C1A00E28F29 /* Release */ = {
			isa = XCBuildConfiguration;
			buildSettings = {
				ALWAYS_SEARCH_USER_PATHS = NO;
				ASSETCATALOG_COMPILER_GENERATE_SWIFT_ASSET_SYMBOL_EXTENSIONS = YES;
				CLANG_ANALYZER_NONNULL = YES;
				CLANG_ANALYZER_NUMBER_OBJECT_CONVERSION = YES_AGGRESSIVE;
				CLANG_CXX_LANGUAGE_STANDARD = "gnu++20";
				CLANG_ENABLE_MODULES = YES;
				CLANG_ENABLE_OBJC_ARC = YES;
				CLANG_ENABLE_OBJC_WEAK = YES;
				CLANG_WARN_BLOCK_CAPTURE_AUTORELEASING = YES;
				CLANG_WARN_BOOL_CONVERSION = YES;
				CLANG_WARN_COMMA = YES;
				CLANG_WARN_CONSTANT_CONVERSION = YES;
				CLANG_WARN_DEPRECATED_OBJC_IMPLEMENTATIONS = YES;
				CLANG_WARN_DIRECT_OBJC_ISA_USAGE = YES_ERROR;
				CLANG_WARN_DOCUMENTATION_COMMENTS = YES;
				CLANG_WARN_EMPTY_BODY = YES;
				CLANG_WARN_ENUM_CONVERSION = YES;
				CLANG_WARN_INFINITE_RECURSION = YES;
				CLANG_WARN_INT_CONVERSION = YES;
				CLANG_WARN_NON_LITERAL_NULL_CONVERSION = YES;
				CLANG_WARN_OBJC_IMPLICIT_RETAIN_SELF = YES;
				CLANG_WARN_OBJC_LITERAL_CONVERSION = YES;
				CLANG_WARN_OBJC_ROOT_CLASS = YES_ERROR;
				CLANG_WARN_QUOTED_INCLUDE_IN_FRAMEWORK_HEADER = YES;
				CLANG_WARN_RANGE_LOOP_ANALYSIS = YES;
				CLANG_WARN_STRICT_PROTOTYPES = YES;
				CLANG_WARN_SUSPICIOUS_MOVE = YES;
				CLANG_WARN_UNGUARDED_AVAILABILITY = YES_AGGRESSIVE;
				CLANG_WARN_UNREACHABLE_CODE = YES;
				CLANG_WARN__DUPLICATE_METHOD_MATCH = YES;
				COPY_PHASE_STRIP = NO;
				DEBUG_INFORMATION_FORMAT = "dwarf-with-dsym";
				ENABLE_NS_ASSERTIONS = NO;
				ENABLE_STRICT_OBJC_MSGSEND = YES;
				ENABLE_USER_SCRIPT_SANDBOXING = YES;
				GCC_C_LANGUAGE_STANDARD = gnu17;
				GCC_NO_COMMON_BLOCKS = YES;
				GCC_WARN_64_TO_32_BIT_CONVERSION = YES;
				GCC_WARN_ABOUT_RETURN_TYPE = YES_ERROR;
				GCC_WARN_UNDECLARED_SELECTOR = YES;
				GCC_WARN_UNINITIALIZED_AUTOS = YES_AGGRESSIVE;
				GCC_WARN_UNUSED_FUNCTION = YES;
				GCC_WARN_UNUSED_VARIABLE = YES;
				IPHONEOS_DEPLOYMENT_TARGET = 17.2;
				LOCALIZATION_PREFERS_STRING_CATALOGS = YES;
				MTL_ENABLE_DEBUG_INFO = NO;
				MTL_FAST_MATH = YES;
				SDKROOT = iphoneos;
				SWIFT_COMPILATION_MODE = wholemodule;
				VALIDATE_PRODUCT = YES;
			};
			name = Release;
		};
		E907D10C2B9A6C1A00E28F29 /* Debug */ = {
			isa = XCBuildConfiguration;
			buildSettings = {
				ASSETCATALOG_COMPILER_APPICON_NAME = AppIcon;
				ASSETCATALOG_COMPILER_GLOBAL_ACCENT_COLOR_NAME = AccentColor;
				CODE_SIGN_STYLE = Automatic;
				CURRENT_PROJECT_VERSION = 1;
				GENERATE_INFOPLIST_FILE = YES;
				INFOPLIST_FILE = Reminder/Info.plist;
				INFOPLIST_KEY_UIApplicationSupportsIndirectInputEvents = YES;
				INFOPLIST_KEY_UILaunchStoryboardName = LaunchScreen;
				INFOPLIST_KEY_UIMainStoryboardFile = Main;
				INFOPLIST_KEY_UISupportedInterfaceOrientations_iPad = "UIInterfaceOrientationPortrait UIInterfaceOrientationPortraitUpsideDown UIInterfaceOrientationLandscapeLeft UIInterfaceOrientationLandscapeRight";
				INFOPLIST_KEY_UISupportedInterfaceOrientations_iPhone = "UIInterfaceOrientationPortrait UIInterfaceOrientationLandscapeLeft UIInterfaceOrientationLandscapeRight";
				LD_RUNPATH_SEARCH_PATHS = (
					"$(inherited)",
					"@executable_path/Frameworks",
				);
				MARKETING_VERSION = 1.0;
				PRODUCT_BUNDLE_IDENTIFIER = com.seneca.160535217.Reminder;
				PRODUCT_NAME = "$(TARGET_NAME)";
				SWIFT_EMIT_LOC_STRINGS = YES;
				SWIFT_VERSION = 5.0;
				TARGETED_DEVICE_FAMILY = "1,2";
			};
			name = Debug;
		};
		E907D10D2B9A6C1A00E28F29 /* Release */ = {
			isa = XCBuildConfiguration;
			buildSettings = {
				ASSETCATALOG_COMPILER_APPICON_NAME = AppIcon;
				ASSETCATALOG_COMPILER_GLOBAL_ACCENT_COLOR_NAME = AccentColor;
				CODE_SIGN_STYLE = Automatic;
				CURRENT_PROJECT_VERSION = 1;
				GENERATE_INFOPLIST_FILE = YES;
				INFOPLIST_FILE = Reminder/Info.plist;
				INFOPLIST_KEY_UIApplicationSupportsIndirectInputEvents = YES;
				INFOPLIST_KEY_UILaunchStoryboardName = LaunchScreen;
				INFOPLIST_KEY_UIMainStoryboardFile = Main;
				INFOPLIST_KEY_UISupportedInterfaceOrientations_iPad = "UIInterfaceOrientationPortrait UIInterfaceOrientationPortraitUpsideDown UIInterfaceOrientationLandscapeLeft UIInterfaceOrientationLandscapeRight";
				INFOPLIST_KEY_UISupportedInterfaceOrientations_iPhone = "UIInterfaceOrientationPortrait UIInterfaceOrientationLandscapeLeft UIInterfaceOrientationLandscapeRight";
				LD_RUNPATH_SEARCH_PATHS = (
					"$(inherited)",
					"@executable_path/Frameworks",
				);
				MARKETING_VERSION = 1.0;
				PRODUCT_BUNDLE_IDENTIFIER = com.seneca.160535217.Reminder;
				PRODUCT_NAME = "$(TARGET_NAME)";
				SWIFT_EMIT_LOC_STRINGS = YES;
				SWIFT_VERSION = 5.0;
				TARGETED_DEVICE_FAMILY = "1,2";
			};
			name = Release;
		};
		E907D10F2B9A6C1A00E28F29 /* Debug */ = {
			isa = XCBuildConfiguration;
			buildSettings = {
				ALWAYS_EMBED_SWIFT_STANDARD_LIBRARIES = YES;
				BUNDLE_LOADER = "$(TEST_HOST)";
				CODE_SIGN_STYLE = Automatic;
				CURRENT_PROJECT_VERSION = 1;
				GENERATE_INFOPLIST_FILE = YES;
				IPHONEOS_DEPLOYMENT_TARGET = 17.2;
				MARKETING_VERSION = 1.0;
				PRODUCT_BUNDLE_IDENTIFIER = com.seneca.160535217.ReminderTests;
				PRODUCT_NAME = "$(TARGET_NAME)";
				SWIFT_EMIT_LOC_STRINGS = NO;
				SWIFT_VERSION = 5.0;
				TARGETED_DEVICE_FAMILY = "1,2";
				TEST_HOST = "$(BUILT_PRODUCTS_DIR)/Reminder.app/$(BUNDLE_EXECUTABLE_FOLDER_PATH)/Reminder";
			};
			name = Debug;
		};
		E907D1102B9A6C1A00E28F29 /* Release */ = {
			isa = XCBuildConfiguration;
			buildSettings = {
				ALWAYS_EMBED_SWIFT_STANDARD_LIBRARIES = YES;
				BUNDLE_LOADER = "$(TEST_HOST)";
				CODE_SIGN_STYLE = Automatic;
				CURRENT_PROJECT_VERSION = 1;
				GENERATE_INFOPLIST_FILE = YES;
				IPHONEOS_DEPLOYMENT_TARGET = 17.2;
				MARKETING_VERSION = 1.0;
				PRODUCT_BUNDLE_IDENTIFIER = com.seneca.160535217.ReminderTests;
				PRODUCT_NAME = "$(TARGET_NAME)";
				SWIFT_EMIT_LOC_STRINGS = NO;
				SWIFT_VERSION = 5.0;
				TARGETED_DEVICE_FAMILY = "1,2";
				TEST_HOST = "$(BUILT_PRODUCTS_DIR)/Reminder.app/$(BUNDLE_EXECUTABLE_FOLDER_PATH)/Reminder";
			};
			name = Release;
		};
		E907D1122B9A6C1A00E28F29 /* Debug */ = {
			isa = XCBuildConfiguration;
			buildSettings = {
				ALWAYS_EMBED_SWIFT_STANDARD_LIBRARIES = YES;
				CODE_SIGN_STYLE = Automatic;
				CURRENT_PROJECT_VERSION = 1;
				GENERATE_INFOPLIST_FILE = YES;
				MARKETING_VERSION = 1.0;
				PRODUCT_BUNDLE_IDENTIFIER = com.seneca.160535217.ReminderUITests;
				PRODUCT_NAME = "$(TARGET_NAME)";
				SWIFT_EMIT_LOC_STRINGS = NO;
				SWIFT_VERSION = 5.0;
				TARGETED_DEVICE_FAMILY = "1,2";
				TEST_TARGET_NAME = Reminder;
			};
			name = Debug;
		};
		E907D1132B9A6C1A00E28F29 /* Release */ = {
			isa = XCBuildConfiguration;
			buildSettings = {
				ALWAYS_EMBED_SWIFT_STANDARD_LIBRARIES = YES;
				CODE_SIGN_STYLE = Automatic;
				CURRENT_PROJECT_VERSION = 1;
				GENERATE_INFOPLIST_FILE = YES;
				MARKETING_VERSION = 1.0;
				PRODUCT_BUNDLE_IDENTIFIER = com.seneca.160535217.ReminderUITests;
				PRODUCT_NAME = "$(TARGET_NAME)";
				SWIFT_EMIT_LOC_STRINGS = NO;
				SWIFT_VERSION = 5.0;
				TARGETED_DEVICE_FAMILY = "1,2";
				TEST_TARGET_NAME = Reminder;
			};
			name = Release;
		};
/* End XCBuildConfiguration section */

/* Begin XCConfigurationList section */
		E907D0DC2B9A6C1800E28F29 /* Build configuration list for PBXProject "Reminder" */ = {
			isa = XCConfigurationList;
			buildConfigurations = (
				E907D1092B9A6C1A00E28F29 /* Debug */,
				E907D10A2B9A6C1A00E28F29 /* Release */,
			);
			defaultConfigurationIsVisible = 0;
			defaultConfigurationName = Release;
		};
		E907D10B2B9A6C1A00E28F29 /* Build configuration list for PBXNativeTarget "Reminder" */ = {
			isa = XCConfigurationList;
			buildConfigurations = (
				E907D10C2B9A6C1A00E28F29 /* Debug */,
				E907D10D2B9A6C1A00E28F29 /* Release */,
			);
			defaultConfigurationIsVisible = 0;
			defaultConfigurationName = Release;
		};
		E907D10E2B9A6C1A00E28F29 /* Build configuration list for PBXNativeTarget "ReminderTests" */ = {
			isa = XCConfigurationList;
			buildConfigurations = (
				E907D10F2B9A6C1A00E28F29 /* Debug */,
				E907D1102B9A6C1A00E28F29 /* Release */,
			);
			defaultConfigurationIsVisible = 0;
			defaultConfigurationName = Release;
		};
		E907D1112B9A6C1A00E28F29 /* Build configuration list for PBXNativeTarget "ReminderUITests" */ = {
			isa = XCConfigurationList;
			buildConfigurations = (
				E907D1122B9A6C1A00E28F29 /* Debug */,
				E907D1132B9A6C1A00E28F29 /* Release */,
			);
			defaultConfigurationIsVisible = 0;
			defaultConfigurationName = Release;
		};
/* End XCConfigurationList section */
	};
	rootObject = E907D0D92B9A6C1800E28F29 /* Project object */;
}
